// !$*UTF8*$!
{
	archiveVersion = 1;
	classes = {
	};
	objectVersion = 77;
	objects = {

/* Begin PBXContainerItemProxy section */
		39A1C59D2E00AC4A00D958A6 /* PBXContainerItemProxy */ = {
			isa = PBXContainerItemProxy;
			containerPortal = 39A1C5872E00AC4700D958A6 /* Project object */;
			proxyType = 1;
			remoteGlobalIDString = 39A1C58E2E00AC4700D958A6;
			remoteInfo = iTheme;
		};
		39A1C5A72E00AC4A00D958A6 /* PBXContainerItemProxy */ = {
			isa = PBXContainerItemProxy;
			containerPortal = 39A1C5872E00AC4700D958A6 /* Project object */;
			proxyType = 1;
			remoteGlobalIDString = 39A1C58E2E00AC4700D958A6;
			remoteInfo = iTheme;
		};
/* End PBXContainerItemProxy section */

/* Begin PBXFileReference section */
		39A1C58F2E00AC4700D958A6 /* iTheme.app */ = {isa = PBXFileReference; explicitFileType = wrapper.application; includeInIndex = 0; path = iTheme.app; sourceTree = BUILT_PRODUCTS_DIR; };
		39A1C59C2E00AC4A00D958A6 /* iThemeTests.xctest */ = {isa = PBXFileReference; explicitFileType = wrapper.cfbundle; includeInIndex = 0; path = iThemeTests.xctest; sourceTree = BUILT_PRODUCTS_DIR; };
		39A1C5A62E00AC4A00D958A6 /* iThemeUITests.xctest */ = {isa = PBXFileReference; explicitFileType = wrapper.cfbundle; includeInIndex = 0; path = iThemeUITests.xctest; sourceTree = BUILT_PRODUCTS_DIR; };
/* End PBXFileReference section */

/* Begin PBXFileSystemSynchronizedRootGroup section */
		39A1C5912E00AC4700D958A6 /* iTheme */ = {
			isa = PBXFileSystemSynchronizedRootGroup;
			path = iTheme;
			sourceTree = "<group>";
		};
		39A1C59F2E00AC4A00D958A6 /* iThemeTests */ = {
			isa = PBXFileSystemSynchronizedRootGroup;
			path = iThemeTests;
			sourceTree = "<group>";
		};
		39A1C5A92E00AC4A00D958A6 /* iThemeUITests */ = {
			isa = PBXFileSystemSynchronizedRootGroup;
			path = iThemeUITests;
			sourceTree = "<group>";
		};
/* End PBXFileSystemSynchronizedRootGroup section */

/* Begin PBXFrameworksBuildPhase section */
		39A1C58C2E00AC4700D958A6 /* Frameworks */ = {
			isa = PBXFrameworksBuildPhase;
			buildActionMask = 2147483647;
			files = (
			);
			runOnlyForDeploymentPostprocessing = 0;
		};
		39A1C5992E00AC4A00D958A6 /* Frameworks */ = {
			isa = PBXFrameworksBuildPhase;
			buildActionMask = 2147483647;
			files = (
			);
			runOnlyForDeploymentPostprocessing = 0;
		};
		39A1C5A32E00AC4A00D958A6 /* Frameworks */ = {
			isa = PBXFrameworksBuildPhase;
			buildActionMask = 2147483647;
			files = (
			);
			runOnlyForDeploymentPostprocessing = 0;
		};
/* End PBXFrameworksBuildPhase section */

/* Begin PBXGroup section */
		39A1C5862E00AC4700D958A6 = {
			isa = PBXGroup;
			children = (
				39A1C5912E00AC4700D958A6 /* iTheme */,
				39A1C59F2E00AC4A00D958A6 /* iThemeTests */,
				39A1C5A92E00AC4A00D958A6 /* iThemeUITests */,
				39A1C5902E00AC4700D958A6 /* Products */,
			);
			sourceTree = "<group>";
		};
		39A1C5902E00AC4700D958A6 /* Products */ = {
			isa = PBXGroup;
			children = (
				39A1C58F2E00AC4700D958A6 /* iTheme.app */,
				39A1C59C2E00AC4A00D958A6 /* iThemeTests.xctest */,
				39A1C5A62E00AC4A00D958A6 /* iThemeUITests.xctest */,
			);
			name = Products;
			sourceTree = "<group>";
		};
/* End PBXGroup section */

/* Begin PBXNativeTarget section */
		39A1C58E2E00AC4700D958A6 /* iTheme */ = {
			isa = PBXNativeTarget;
			buildConfigurationList = 39A1C5B02E00AC4A00D958A6 /* Build configuration list for PBXNativeTarget "iTheme" */;
			buildPhases = (
				39A1C58B2E00AC4700D958A6 /* Sources */,
				39A1C58C2E00AC4700D958A6 /* Frameworks */,
				39A1C58D2E00AC4700D958A6 /* Resources */,
			);
			buildRules = (
			);
			dependencies = (
			);
			fileSystemSynchronizedGroups = (
				39A1C5912E00AC4700D958A6 /* iTheme */,
			);
			name = iTheme;
			packageProductDependencies = (
			);
			productName = iTheme;
			productReference = 39A1C58F2E00AC4700D958A6 /* iTheme.app */;
			productType = "com.apple.product-type.application";
		};
		39A1C59B2E00AC4A00D958A6 /* iThemeTests */ = {
			isa = PBXNativeTarget;
			buildConfigurationList = 39A1C5B32E00AC4A00D958A6 /* Build configuration list for PBXNativeTarget "iThemeTests" */;
			buildPhases = (
				39A1C5982E00AC4A00D958A6 /* Sources */,
				39A1C5992E00AC4A00D958A6 /* Frameworks */,
				39A1C59A2E00AC4A00D958A6 /* Resources */,
			);
			buildRules = (
			);
			dependencies = (
				39A1C59E2E00AC4A00D958A6 /* PBXTargetDependency */,
			);
			fileSystemSynchronizedGroups = (
				39A1C59F2E00AC4A00D958A6 /* iThemeTests */,
			);
			name = iThemeTests;
			packageProductDependencies = (
			);
			productName = iThemeTests;
			productReference = 39A1C59C2E00AC4A00D958A6 /* iThemeTests.xctest */;
			productType = "com.apple.product-type.bundle.unit-test";
		};
		39A1C5A52E00AC4A00D958A6 /* iThemeUITests */ = {
			isa = PBXNativeTarget;
			buildConfigurationList = 39A1C5B62E00AC4A00D958A6 /* Build configuration list for PBXNativeTarget "iThemeUITests" */;
			buildPhases = (
				39A1C5A22E00AC4A00D958A6 /* Sources */,
				39A1C5A32E00AC4A00D958A6 /* Frameworks */,
				39A1C5A42E00AC4A00D958A6 /* Resources */,
			);
			buildRules = (
			);
			dependencies = (
				39A1C5A82E00AC4A00D958A6 /* PBXTargetDependency */,
			);
			fileSystemSynchronizedGroups = (
				39A1C5A92E00AC4A00D958A6 /* iThemeUITests */,
			);
			name = iThemeUITests;
			packageProductDependencies = (
			);
			productName = iThemeUITests;
			productReference = 39A1C5A62E00AC4A00D958A6 /* iThemeUITests.xctest */;
			productType = "com.apple.product-type.bundle.ui-testing";
		};
/* End PBXNativeTarget section */

/* Begin PBXProject section */
		39A1C5872E00AC4700D958A6 /* Project object */ = {
			isa = PBXProject;
			attributes = {
				BuildIndependentTargetsInParallel = 1;
				LastSwiftUpdateCheck = 1640;
				LastUpgradeCheck = 1640;
				TargetAttributes = {
					39A1C58E2E00AC4700D958A6 = {
						CreatedOnToolsVersion = 16.4;
					};
					39A1C59B2E00AC4A00D958A6 = {
						CreatedOnToolsVersion = 16.4;
						TestTargetID = 39A1C58E2E00AC4700D958A6;
					};
					39A1C5A52E00AC4A00D958A6 = {
						CreatedOnToolsVersion = 16.4;
						TestTargetID = 39A1C58E2E00AC4700D958A6;
					};
				};
			};
			buildConfigurationList = 39A1C58A2E00AC4700D958A6 /* Build configuration list for PBXProject "iTheme" */;
			developmentRegion = en;
			hasScannedForEncodings = 0;
			knownRegions = (
				en,
				Base,
			);
			mainGroup = 39A1C5862E00AC4700D958A6;
			minimizedProjectReferenceProxies = 1;
			preferredProjectObjectVersion = 77;
			productRefGroup = 39A1C5902E00AC4700D958A6 /* Products */;
			projectDirPath = "";
			projectRoot = "";
			targets = (
				39A1C58E2E00AC4700D958A6 /* iTheme */,
				39A1C59B2E00AC4A00D958A6 /* iThemeTests */,
				39A1C5A52E00AC4A00D958A6 /* iThemeUITests */,
			);
		};
/* End PBXProject section */

/* Begin PBXResourcesBuildPhase section */
		39A1C58D2E00AC4700D958A6 /* Resources */ = {
			isa = PBXResourcesBuildPhase;
			buildActionMask = 2147483647;
			files = (
			);
			runOnlyForDeploymentPostprocessing = 0;
		};
		39A1C59A2E00AC4A00D958A6 /* Resources */ = {
			isa = PBXResourcesBuildPhase;
			buildActionMask = 2147483647;
			files = (
			);
			runOnlyForDeploymentPostprocessing = 0;
		};
		39A1C5A42E00AC4A00D958A6 /* Resources */ = {
			isa = PBXResourcesBuildPhase;
			buildActionMask = 2147483647;
			files = (
			);
			runOnlyForDeploymentPostprocessing = 0;
		};
/* End PBXResourcesBuildPhase section */

/* Begin PBXSourcesBuildPhase section */
		39A1C58B2E00AC4700D958A6 /* Sources */ = {
			isa = PBXSourcesBuildPhase;
			buildActionMask = 2147483647;
			files = (
			);
			runOnlyForDeploymentPostprocessing = 0;
		};
		39A1C5982E00AC4A00D958A6 /* Sources */ = {
			isa = PBXSourcesBuildPhase;
			buildActionMask = 2147483647;
			files = (
			);
			runOnlyForDeploymentPostprocessing = 0;
		};
		39A1C5A22E00AC4A00D958A6 /* Sources */ = {
			isa = PBXSourcesBuildPhase;
			buildActionMask = 2147483647;
			files = (
			);
			runOnlyForDeploymentPostprocessing = 0;
		};
/* End PBXSourcesBuildPhase section */

/* Begin PBXTargetDependency section */
		39A1C59E2E00AC4A00D958A6 /* PBXTargetDependency */ = {
			isa = PBXTargetDependency;
			target = 39A1C58E2E00AC4700D958A6 /* iTheme */;
			targetProxy = 39A1C59D2E00AC4A00D958A6 /* PBXContainerItemProxy */;
		};
		39A1C5A82E00AC4A00D958A6 /* PBXTargetDependency */ = {
			isa = PBXTargetDependency;
			target = 39A1C58E2E00AC4700D958A6 /* iTheme */;
			targetProxy = 39A1C5A72E00AC4A00D958A6 /* PBXContainerItemProxy */;
		};
/* End PBXTargetDependency section */

/* Begin XCBuildConfiguration section */
		39A1C5AE2E00AC4A00D958A6 /* Debug */ = {
			isa = XCBuildConfiguration;
			buildSettings = {
				ALWAYS_SEARCH_USER_PATHS = NO;
				ASSETCATALOG_COMPILER_GENERATE_SWIFT_ASSET_SYMBOL_EXTENSIONS = YES;
				CLANG_ANALYZER_NONNULL = YES;
				CLANG_ANALYZER_NUMBER_OBJECT_CONVERSION = YES_AGGRESSIVE;
				CLANG_CXX_LANGUAGE_STANDARD = "gnu++20";
				CLANG_ENABLE_MODULES = YES;
				CLANG_ENABLE_OBJC_ARC = YES;
				CLANG_ENABLE_OBJC_WEAK = YES;
				CLANG_WARN_BLOCK_CAPTURE_AUTORELEASING = YES;
				CLANG_WARN_BOOL_CONVERSION = YES;
				CLANG_WARN_COMMA = YES;
				CLANG_WARN_CONSTANT_CONVERSION = YES;
				CLANG_WARN_DEPRECATED_OBJC_IMPLEMENTATIONS = YES;
				CLANG_WARN_DIRECT_OBJC_ISA_USAGE = YES_ERROR;
				CLANG_WARN_DOCUMENTATION_COMMENTS = YES;
				CLANG_WARN_EMPTY_BODY = YES;
				CLANG_WARN_ENUM_CONVERSION = YES;
				CLANG_WARN_INFINITE_RECURSION = YES;
				CLANG_WARN_INT_CONVERSION = YES;
				CLANG_WARN_NON_LITERAL_NULL_CONVERSION = YES;
				CLANG_WARN_OBJC_IMPLICIT_RETAIN_SELF = YES;
				CLANG_WARN_OBJC_LITERAL_CONVERSION = YES;
				CLANG_WARN_OBJC_ROOT_CLASS = YES_ERROR;
				CLANG_WARN_QUOTED_INCLUDE_IN_FRAMEWORK_HEADER = YES;
				CLANG_WARN_RANGE_LOOP_ANALYSIS = YES;
				CLANG_WARN_STRICT_PROTOTYPES = YES;
				CLANG_WARN_SUSPICIOUS_MOVE = YES;
				CLANG_WARN_UNGUARDED_AVAILABILITY = YES_AGGRESSIVE;
				CLANG_WARN_UNREACHABLE_CODE = YES;
				CLANG_WARN__DUPLICATE_METHOD_MATCH = YES;
				COPY_PHASE_STRIP = NO;
				DEBUG_INFORMATION_FORMAT = dwarf;
				ENABLE_STRICT_OBJC_MSGSEND = YES;
				ENABLE_TESTABILITY = YES;
				ENABLE_USER_SCRIPT_SANDBOXING = YES;
				GCC_C_LANGUAGE_STANDARD = gnu17;
				GCC_DYNAMIC_NO_PIC = NO;
				GCC_NO_COMMON_BLOCKS = YES;
				GCC_OPTIMIZATION_LEVEL = 0;
				GCC_PREPROCESSOR_DEFINITIONS = (
					"DEBUG=1",
					"$(inherited)",
				);
				GCC_WARN_64_TO_32_BIT_CONVERSION = YES;
				GCC_WARN_ABOUT_RETURN_TYPE = YES_ERROR;
				GCC_WARN_UNDECLARED_SELECTOR = YES;
				GCC_WARN_UNINITIALIZED_AUTOS = YES_AGGRESSIVE;
				GCC_WARN_UNUSED_FUNCTION = YES;
				GCC_WARN_UNUSED_VARIABLE = YES;
				IPHONEOS_DEPLOYMENT_TARGET = 18.5;
				LOCALIZATION_PREFERS_STRING_CATALOGS = YES;
				MTL_ENABLE_DEBUG_INFO = INCLUDE_SOURCE;
				MTL_FAST_MATH = YES;
				ONLY_ACTIVE_ARCH = YES;
				SDKROOT = iphoneos;
				SWIFT_ACTIVE_COMPILATION_CONDITIONS = "DEBUG $(inherited)";
				SWIFT_OPTIMIZATION_LEVEL = "-Onone";
			};
			name = Debug;
		};
		39A1C5AF2E00AC4A00D958A6 /* Release */ = {
			isa = XCBuildConfiguration;
			buildSettings = {
				ALWAYS_SEARCH_USER_PATHS = NO;
				ASSETCATALOG_COMPILER_GENERATE_SWIFT_ASSET_SYMBOL_EXTENSIONS = YES;
				CLANG_ANALYZER_NONNULL = YES;
				CLANG_ANALYZER_NUMBER_OBJECT_CONVERSION = YES_AGGRESSIVE;
				CLANG_CXX_LANGUAGE_STANDARD = "gnu++20";
				CLANG_ENABLE_MODULES = YES;
				CLANG_ENABLE_OBJC_ARC = YES;
				CLANG_ENABLE_OBJC_WEAK = YES;
				CLANG_WARN_BLOCK_CAPTURE_AUTORELEASING = YES;
				CLANG_WARN_BOOL_CONVERSION = YES;
				CLANG_WARN_COMMA = YES;
				CLANG_WARN_CONSTANT_CONVERSION = YES;
				CLANG_WARN_DEPRECATED_OBJC_IMPLEMENTATIONS = YES;
				CLANG_WARN_DIRECT_OBJC_ISA_USAGE = YES_ERROR;
				CLANG_WARN_DOCUMENTATION_COMMENTS = YES;
				CLANG_WARN_EMPTY_BODY = YES;
				CLANG_WARN_ENUM_CONVERSION = YES;
				CLANG_WARN_INFINITE_RECURSION = YES;
				CLANG_WARN_INT_CONVERSION = YES;
				CLANG_WARN_NON_LITERAL_NULL_CONVERSION = YES;
				CLANG_WARN_OBJC_IMPLICIT_RETAIN_SELF = YES;
				CLANG_WARN_OBJC_LITERAL_CONVERSION = YES;
				CLANG_WARN_OBJC_ROOT_CLASS = YES_ERROR;
				CLANG_WARN_QUOTED_INCLUDE_IN_FRAMEWORK_HEADER = YES;
				CLANG_WARN_RANGE_LOOP_ANALYSIS = YES;
				CLANG_WARN_STRICT_PROTOTYPES = YES;
				CLANG_WARN_SUSPICIOUS_MOVE = YES;
				CLANG_WARN_UNGUARDED_AVAILABILITY = YES_AGGRESSIVE;
				CLANG_WARN_UNREACHABLE_CODE = YES;
				CLANG_WARN__DUPLICATE_METHOD_MATCH = YES;
				COPY_PHASE_STRIP = NO;
				DEBUG_INFORMATION_FORMAT = "dwarf-with-dsym";
				ENABLE_NS_ASSERTIONS = NO;
				ENABLE_STRICT_OBJC_MSGSEND = YES;
				ENABLE_USER_SCRIPT_SANDBOXING = YES;
				GCC_C_LANGUAGE_STANDARD = gnu17;
				GCC_NO_COMMON_BLOCKS = YES;
				GCC_WARN_64_TO_32_BIT_CONVERSION = YES;
				GCC_WARN_ABOUT_RETURN_TYPE = YES_ERROR;
				GCC_WARN_UNDECLARED_SELECTOR = YES;
				GCC_WARN_UNINITIALIZED_AUTOS = YES_AGGRESSIVE;
				GCC_WARN_UNUSED_FUNCTION = YES;
				GCC_WARN_UNUSED_VARIABLE = YES;
				IPHONEOS_DEPLOYMENT_TARGET = 18.5;
				LOCALIZATION_PREFERS_STRING_CATALOGS = YES;
				MTL_ENABLE_DEBUG_INFO = NO;
				MTL_FAST_MATH = YES;
				SDKROOT = iphoneos;
				SWIFT_COMPILATION_MODE = wholemodule;
				VALIDATE_PRODUCT = YES;
			};
			name = Release;
		};
		39A1C5B12E00AC4A00D958A6 /* Debug */ = {
			isa = XCBuildConfiguration;
			buildSettings = {
				ASSETCATALOG_COMPILER_APPICON_NAME = AppIcon;
				ASSETCATALOG_COMPILER_GLOBAL_ACCENT_COLOR_NAME = AccentColor;
				CODE_SIGN_STYLE = Automatic;
				CURRENT_PROJECT_VERSION = 1;
				ENABLE_PREVIEWS = YES;
				GENERATE_INFOPLIST_FILE = YES;
				INFOPLIST_KEY_UIApplicationSceneManifest_Generation = YES;
				INFOPLIST_KEY_UIApplicationSupportsIndirectInputEvents = YES;
				INFOPLIST_KEY_UILaunchScreen_Generation = YES;
				INFOPLIST_KEY_UISupportedInterfaceOrientations_iPad = "UIInterfaceOrientationPortrait UIInterfaceOrientationPortraitUpsideDown UIInterfaceOrientationLandscapeLeft UIInterfaceOrientationLandscapeRight";
				INFOPLIST_KEY_UISupportedInterfaceOrientations_iPhone = "UIInterfaceOrientationPortrait UIInterfaceOrientationLandscapeLeft UIInterfaceOrientationLandscapeRight";
				LD_RUNPATH_SEARCH_PATHS = (
					"$(inherited)",
					"@executable_path/Frameworks",
				);
				MARKETING_VERSION = 1.0;
				PRODUCT_BUNDLE_IDENTIFIER = MellowGoats.iTheme;
				PRODUCT_NAME = "$(TARGET_NAME)";
				SWIFT_EMIT_LOC_STRINGS = YES;
				SWIFT_VERSION = 5.0;
				TARGETED_DEVICE_FAMILY = "1,2";
			};
			name = Debug;
		};
		39A1C5B22E00AC4A00D958A6 /* Release */ = {
			isa = XCBuildConfiguration;
			buildSettings = {
				ASSETCATALOG_COMPILER_APPICON_NAME = AppIcon;
				ASSETCATALOG_COMPILER_GLOBAL_ACCENT_COLOR_NAME = AccentColor;
				CODE_SIGN_STYLE = Automatic;
				CURRENT_PROJECT_VERSION = 1;
				ENABLE_PREVIEWS = YES;
				GENERATE_INFOPLIST_FILE = YES;
				INFOPLIST_KEY_UIApplicationSceneManifest_Generation = YES;
				INFOPLIST_KEY_UIApplicationSupportsIndirectInputEvents = YES;
				INFOPLIST_KEY_UILaunchScreen_Generation = YES;
				INFOPLIST_KEY_UISupportedInterfaceOrientations_iPad = "UIInterfaceOrientationPortrait UIInterfaceOrientationPortraitUpsideDown UIInterfaceOrientationLandscapeLeft UIInterfaceOrientationLandscapeRight";
				INFOPLIST_KEY_UISupportedInterfaceOrientations_iPhone = "UIInterfaceOrientationPortrait UIInterfaceOrientationLandscapeLeft UIInterfaceOrientationLandscapeRight";
				LD_RUNPATH_SEARCH_PATHS = (
					"$(inherited)",
					"@executable_path/Frameworks",
				);
				MARKETING_VERSION = 1.0;
				PRODUCT_BUNDLE_IDENTIFIER = MellowGoats.iTheme;
				PRODUCT_NAME = "$(TARGET_NAME)";
				SWIFT_EMIT_LOC_STRINGS = YES;
				SWIFT_VERSION = 5.0;
				TARGETED_DEVICE_FAMILY = "1,2";
			};
			name = Release;
		};
		39A1C5B42E00AC4A00D958A6 /* Debug */ = {
			isa = XCBuildConfiguration;
			buildSettings = {
				BUNDLE_LOADER = "$(TEST_HOST)";
				CODE_SIGN_STYLE = Automatic;
				CURRENT_PROJECT_VERSION = 1;
				GENERATE_INFOPLIST_FILE = YES;
				IPHONEOS_DEPLOYMENT_TARGET = 18.5;
				MARKETING_VERSION = 1.0;
				PRODUCT_BUNDLE_IDENTIFIER = MellowGoats.iThemeTests;
				PRODUCT_NAME = "$(TARGET_NAME)";
				SWIFT_EMIT_LOC_STRINGS = NO;
				SWIFT_VERSION = 5.0;
				TARGETED_DEVICE_FAMILY = "1,2";
				TEST_HOST = "$(BUILT_PRODUCTS_DIR)/iTheme.app/$(BUNDLE_EXECUTABLE_FOLDER_PATH)/iTheme";
			};
			name = Debug;
		};
		39A1C5B52E00AC4A00D958A6 /* Release */ = {
			isa = XCBuildConfiguration;
			buildSettings = {
				BUNDLE_LOADER = "$(TEST_HOST)";
				CODE_SIGN_STYLE = Automatic;
				CURRENT_PROJECT_VERSION = 1;
				GENERATE_INFOPLIST_FILE = YES;
				IPHONEOS_DEPLOYMENT_TARGET = 18.5;
				MARKETING_VERSION = 1.0;
				PRODUCT_BUNDLE_IDENTIFIER = MellowGoats.iThemeTests;
				PRODUCT_NAME = "$(TARGET_NAME)";
				SWIFT_EMIT_LOC_STRINGS = NO;
				SWIFT_VERSION = 5.0;
				TARGETED_DEVICE_FAMILY = "1,2";
				TEST_HOST = "$(BUILT_PRODUCTS_DIR)/iTheme.app/$(BUNDLE_EXECUTABLE_FOLDER_PATH)/iTheme";
			};
			name = Release;
		};
		39A1C5B72E00AC4A00D958A6 /* Debug */ = {
			isa = XCBuildConfiguration;
			buildSettings = {
				CODE_SIGN_STYLE = Automatic;
				CURRENT_PROJECT_VERSION = 1;
				GENERATE_INFOPLIST_FILE = YES;
				MARKETING_VERSION = 1.0;
				PRODUCT_BUNDLE_IDENTIFIER = MellowGoats.iThemeUITests;
				PRODUCT_NAME = "$(TARGET_NAME)";
				SWIFT_EMIT_LOC_STRINGS = NO;
				SWIFT_VERSION = 5.0;
				TARGETED_DEVICE_FAMILY = "1,2";
				TEST_TARGET_NAME = iTheme;
			};
			name = Debug;
		};
		39A1C5B82E00AC4A00D958A6 /* Release */ = {
			isa = XCBuildConfiguration;
			buildSettings = {
				CODE_SIGN_STYLE = Automatic;
				CURRENT_PROJECT_VERSION = 1;
				GENERATE_INFOPLIST_FILE = YES;
				MARKETING_VERSION = 1.0;
				PRODUCT_BUNDLE_IDENTIFIER = MellowGoats.iThemeUITests;
				PRODUCT_NAME = "$(TARGET_NAME)";
				SWIFT_EMIT_LOC_STRINGS = NO;
				SWIFT_VERSION = 5.0;
				TARGETED_DEVICE_FAMILY = "1,2";
				TEST_TARGET_NAME = iTheme;
			};
			name = Release;
		};
/* End XCBuildConfiguration section */

/* Begin XCConfigurationList section */
		39A1C58A2E00AC4700D958A6 /* Build configuration list for PBXProject "iTheme" */ = {
			isa = XCConfigurationList;
			buildConfigurations = (
				39A1C5AE2E00AC4A00D958A6 /* Debug */,
				39A1C5AF2E00AC4A00D958A6 /* Release */,
			);
			defaultConfigurationIsVisible = 0;
			defaultConfigurationName = Release;
		};
		39A1C5B02E00AC4A00D958A6 /* Build configuration list for PBXNativeTarget "iTheme" */ = {
			isa = XCConfigurationList;
			buildConfigurations = (
				39A1C5B12E00AC4A00D958A6 /* Debug */,
				39A1C5B22E00AC4A00D958A6 /* Release */,
			);
			defaultConfigurationIsVisible = 0;
			defaultConfigurationName = Release;
		};
		39A1C5B32E00AC4A00D958A6 /* Build configuration list for PBXNativeTarget "iThemeTests" */ = {
			isa = XCConfigurationList;
			buildConfigurations = (
				39A1C5B42E00AC4A00D958A6 /* Debug */,
				39A1C5B52E00AC4A00D958A6 /* Release */,
			);
			defaultConfigurationIsVisible = 0;
			defaultConfigurationName = Release;
		};
		39A1C5B62E00AC4A00D958A6 /* Build configuration list for PBXNativeTarget "iThemeUITests" */ = {
			isa = XCConfigurationList;
			buildConfigurations = (
				39A1C5B72E00AC4A00D958A6 /* Debug */,
				39A1C5B82E00AC4A00D958A6 /* Release */,
			);
			defaultConfigurationIsVisible = 0;
			defaultConfigurationName = Release;
		};
/* End XCConfigurationList section */
	};
	rootObject = 39A1C5872E00AC4700D958A6 /* Project object */;
}
